
Microsoft Visual Studio Solution File, Format Version 12.00
# Visual Studio Version 17
VisualStudioVersion = 17.7.34024.191
MinimumVisualStudioVersion = 10.0.40219.1
Project("{8BC9CEB8-8B4A-11D0-8D11-00A0C91BC942}") = "Game", "Game\Game.vcxproj", "{AF5265AB-1164-41AA-B008-CD52A3F8C806}"
EndProject
Global
	GlobalSection(SolutionConfigurationPlatforms) = preSolution
		Debug|x64 = Debug|x64
		Debug|x86 = Debug|x86
		Release|x64 = Release|x64
		Release|x86 = Release|x86
	EndGlobalSection
	GlobalSection(ProjectConfigurationPlatforms) = postSolution
		{AF5265AB-1164-41AA-B008-CD52A3F8C806}.Debug|x64.ActiveCfg = Debug|x64
		{AF5265AB-1164-41AA-B008-CD52A3F8C806}.Debug|x64.Build.0 = Debug|x64
		{AF5265AB-1164-41AA-B008-CD52A3F8C806}.Debug|x86.ActiveCfg = Debug|Win32
		{AF5265AB-1164-41AA-B008-CD52A3F8C806}.Debug|x86.Build.0 = Debug|Win32
		{AF5265AB-1164-41AA-B008-CD52A3F8C806}.Release|x64.ActiveCfg = Release|x64
		{AF5265AB-1164-41AA-B008-CD52A3F8C806}.Release|x64.Build.0 = Release|x64
		{AF5265AB-1164-41AA-B008-CD52A3F8C806}.Release|x86.ActiveCfg = Release|Win32
		{AF5265AB-1164-41AA-B008-CD52A3F8C806}.Release|x86.Build.0 = Release|Win32
	EndGlobalSection
	GlobalSection(SolutionProperties) = preSolution
		HideSolutionNode = FALSE
	EndGlobalSection
	GlobalSection(ExtensibilityGlobals) = postSolution
		SolutionGuid = {69875F7F-4DED-4D3B-9EC0-E19FC357C033}
	EndGlobalSection
EndGlobal
